
Microsoft Visual Studio Solution File, Format Version 12.00
# Visual Studio Version 16
VisualStudioVersion = 16.0.30204.135
MinimumVisualStudioVersion = 10.0.40219.1
Project("{FAE04EC0-301F-11D3-BF4B-00C04F79EFBC}") = "JWTAuthentication.Entities", "JWTAuthentication.Entities\JWTAuthentication.Entities.csproj", "{24397225-171C-4A1C-AE53-EEAF5B6F8C4B}"
EndProject
Project("{FAE04EC0-301F-11D3-BF4B-00C04F79EFBC}") = "JWTAuthentication.Data", "JWTAuthentication.Data\JWTAuthentication.Data.csproj", "{71E88678-8440-43D1-B505-BE26175885E9}"
EndProject
Global
	GlobalSection(SolutionConfigurationPlatforms) = preSolution
		Debug|Any CPU = Debug|Any CPU
		Release|Any CPU = Release|Any CPU
	EndGlobalSection
	GlobalSection(ProjectConfigurationPlatforms) = postSolution
		{24397225-171C-4A1C-AE53-EEAF5B6F8C4B}.Debug|Any CPU.ActiveCfg = Debug|Any CPU
		{24397225-171C-4A1C-AE53-EEAF5B6F8C4B}.Debug|Any CPU.Build.0 = Debug|Any CPU
		{24397225-171C-4A1C-AE53-EEAF5B6F8C4B}.Release|Any CPU.ActiveCfg = Release|Any CPU
		{24397225-171C-4A1C-AE53-EEAF5B6F8C4B}.Release|Any CPU.Build.0 = Release|Any CPU
		{71E88678-8440-43D1-B505-BE26175885E9}.Debug|Any CPU.ActiveCfg = Debug|Any CPU
		{71E88678-8440-43D1-B505-BE26175885E9}.Debug|Any CPU.Build.0 = Debug|Any CPU
		{71E88678-8440-43D1-B505-BE26175885E9}.Release|Any CPU.ActiveCfg = Release|Any CPU
		{71E88678-8440-43D1-B505-BE26175885E9}.Release|Any CPU.Build.0 = Release|Any CPU
	EndGlobalSection
	GlobalSection(SolutionProperties) = preSolution
		HideSolutionNode = FALSE
	EndGlobalSection
	GlobalSection(ExtensibilityGlobals) = postSolution
		SolutionGuid = {BF44EE1A-11BF-4983-AB8A-47802B7C6D3B}
	EndGlobalSection
EndGlobal
